// !$*UTF8*$!
{
	archiveVersion = 1;
	classes = {
	};
	objectVersion = 51;
	objects = {

/* Begin PBXBuildFile section */
		0895FE082591E8EC00FB79E3 /* ViewModel.swift in Sources */ = {isa = PBXBuildFile; fileRef = 0895FE072591E8EC00FB79E3 /* ViewModel.swift */; };
		08D99C8E258C8BC400F69B0E /* AppDelegate.swift in Sources */ = {isa = PBXBuildFile; fileRef = 08D99C8D258C8BC400F69B0E /* AppDelegate.swift */; };
		08D99C90258C8BC400F69B0E /* SceneDelegate.swift in Sources */ = {isa = PBXBuildFile; fileRef = 08D99C8F258C8BC400F69B0E /* SceneDelegate.swift */; };
		08D99C92258C8BC400F69B0E /* ViewController.swift in Sources */ = {isa = PBXBuildFile; fileRef = 08D99C91258C8BC400F69B0E /* ViewController.swift */; };
		08D99C97258C8BC400F69B0E /* Assets.xcassets in Resources */ = {isa = PBXBuildFile; fileRef = 08D99C96258C8BC400F69B0E /* Assets.xcassets */; };
		08D99C9A258C8BC400F69B0E /* LaunchScreen.storyboard in Resources */ = {isa = PBXBuildFile; fileRef = 08D99C98258C8BC400F69B0E /* LaunchScreen.storyboard */; };
		08D99CA5258C8BC400F69B0E /* SampleRxDatasourcesTests.swift in Sources */ = {isa = PBXBuildFile; fileRef = 08D99CA4258C8BC400F69B0E /* SampleRxDatasourcesTests.swift */; };
		08D99CB0258C8BC500F69B0E /* SampleRxDatasourcesUITests.swift in Sources */ = {isa = PBXBuildFile; fileRef = 08D99CAF258C8BC500F69B0E /* SampleRxDatasourcesUITests.swift */; };
		08D99CD5258C8EDC00F69B0E /* Model.swift in Sources */ = {isa = PBXBuildFile; fileRef = 08D99CD4258C8EDC00F69B0E /* Model.swift */; };
		08D99CDB258C95F400F69B0E /* ImageTitleTableViewCell.swift in Sources */ = {isa = PBXBuildFile; fileRef = 08D99CDA258C95F400F69B0E /* ImageTitleTableViewCell.swift */; };
		08D99CE3258C960E00F69B0E /* TitleStepperTableViewCell.swift in Sources */ = {isa = PBXBuildFile; fileRef = 08D99CE2258C960E00F69B0E /* TitleStepperTableViewCell.swift */; };
		08D99CE8258C962D00F69B0E /* TitleSwitchTableViewCell.swift in Sources */ = {isa = PBXBuildFile; fileRef = 08D99CE7258C962D00F69B0E /* TitleSwitchTableViewCell.swift */; };
		0C16BBF22767949DCA104A85 /* Pods_SampleRxDatasources_SampleRxDatasourcesUITests.framework in Frameworks */ = {isa = PBXBuildFile; fileRef = 11DDE162B2916B080F4D6DEA /* Pods_SampleRxDatasources_SampleRxDatasourcesUITests.framework */; };
		1C4C889D9FE12EABA5042AB0 /* Pods_SampleRxDatasources.framework in Frameworks */ = {isa = PBXBuildFile; fileRef = 4183E3F9C755EC0353316053 /* Pods_SampleRxDatasources.framework */; };
		ACB9CE0CC8A49624396BE4CA /* Pods_SampleRxDatasources_SampleRxDatasourcesUITests.framework in Frameworks */ = {isa = PBXBuildFile; fileRef = 38E76AACB3F83E30B807D33F /* Pods_SampleRxDatasources_SampleRxDatasourcesUITests.framework */; };
		BAED255C689EB998C4FDB774 /* Pods_SampleRxDatasourcesTests.framework in Frameworks */ = {isa = PBXBuildFile; fileRef = 0C5469F3E17CFE749F85E405 /* Pods_SampleRxDatasourcesTests.framework */; };
		D8C564601E4730DCE8EDD1EB /* Pods_SampleRxDatasources.framework in Frameworks */ = {isa = PBXBuildFile; fileRef = 02AE3EAD95027A3864B0F934 /* Pods_SampleRxDatasources.framework */; };
		E2C4B4DC54CD9F161256FBF6 /* Pods_SampleRxDatasourcesTests.framework in Frameworks */ = {isa = PBXBuildFile; fileRef = 3298E534B08028D2A085CEC8 /* Pods_SampleRxDatasourcesTests.framework */; };
/* End PBXBuildFile section */

/* Begin PBXContainerItemProxy section */
		08D99CA1258C8BC400F69B0E /* PBXContainerItemProxy */ = {
			isa = PBXContainerItemProxy;
			containerPortal = 08D99C82258C8BC400F69B0E /* Project object */;
			proxyType = 1;
			remoteGlobalIDString = 08D99C89258C8BC400F69B0E;
			remoteInfo = SampleRxDatasources;
		};
		08D99CAC258C8BC500F69B0E /* PBXContainerItemProxy */ = {
			isa = PBXContainerItemProxy;
			containerPortal = 08D99C82258C8BC400F69B0E /* Project object */;
			proxyType = 1;
			remoteGlobalIDString = 08D99C89258C8BC400F69B0E;
			remoteInfo = SampleRxDatasources;
		};
/* End PBXContainerItemProxy section */

/* Begin PBXFileReference section */
		02AE3EAD95027A3864B0F934 /* Pods_SampleRxDatasources.framework */ = {isa = PBXFileReference; explicitFileType = wrapper.framework; includeInIndex = 0; path = Pods_SampleRxDatasources.framework; sourceTree = BUILT_PRODUCTS_DIR; };
		0895FE072591E8EC00FB79E3 /* ViewModel.swift */ = {isa = PBXFileReference; lastKnownFileType = sourcecode.swift; path = ViewModel.swift; sourceTree = "<group>"; };
		08D99C8A258C8BC400F69B0E /* SampleRxDatasources.app */ = {isa = PBXFileReference; explicitFileType = wrapper.application; includeInIndex = 0; path = SampleRxDatasources.app; sourceTree = BUILT_PRODUCTS_DIR; };
		08D99C8D258C8BC400F69B0E /* AppDelegate.swift */ = {isa = PBXFileReference; lastKnownFileType = sourcecode.swift; path = AppDelegate.swift; sourceTree = "<group>"; };
		08D99C8F258C8BC400F69B0E /* SceneDelegate.swift */ = {isa = PBXFileReference; lastKnownFileType = sourcecode.swift; path = SceneDelegate.swift; sourceTree = "<group>"; };
		08D99C91258C8BC400F69B0E /* ViewController.swift */ = {isa = PBXFileReference; lastKnownFileType = sourcecode.swift; path = ViewController.swift; sourceTree = "<group>"; };
		08D99C96258C8BC400F69B0E /* Assets.xcassets */ = {isa = PBXFileReference; lastKnownFileType = folder.assetcatalog; path = Assets.xcassets; sourceTree = "<group>"; };
		08D99C99258C8BC400F69B0E /* Base */ = {isa = PBXFileReference; lastKnownFileType = file.storyboard; name = Base; path = Base.lproj/LaunchScreen.storyboard; sourceTree = "<group>"; };
		08D99C9B258C8BC400F69B0E /* Info.plist */ = {isa = PBXFileReference; lastKnownFileType = text.plist.xml; path = Info.plist; sourceTree = "<group>"; };
		08D99CA0258C8BC400F69B0E /* SampleRxDatasourcesTests.xctest */ = {isa = PBXFileReference; explicitFileType = wrapper.cfbundle; includeInIndex = 0; path = SampleRxDatasourcesTests.xctest; sourceTree = BUILT_PRODUCTS_DIR; };
		08D99CA4258C8BC400F69B0E /* SampleRxDatasourcesTests.swift */ = {isa = PBXFileReference; lastKnownFileType = sourcecode.swift; path = SampleRxDatasourcesTests.swift; sourceTree = "<group>"; };
		08D99CA6258C8BC400F69B0E /* Info.plist */ = {isa = PBXFileReference; lastKnownFileType = text.plist.xml; path = Info.plist; sourceTree = "<group>"; };
		08D99CAB258C8BC500F69B0E /* SampleRxDatasourcesUITests.xctest */ = {isa = PBXFileReference; explicitFileType = wrapper.cfbundle; includeInIndex = 0; path = SampleRxDatasourcesUITests.xctest; sourceTree = BUILT_PRODUCTS_DIR; };
		08D99CAF258C8BC500F69B0E /* SampleRxDatasourcesUITests.swift */ = {isa = PBXFileReference; lastKnownFileType = sourcecode.swift; path = SampleRxDatasourcesUITests.swift; sourceTree = "<group>"; };
		08D99CB1258C8BC500F69B0E /* Info.plist */ = {isa = PBXFileReference; lastKnownFileType = text.plist.xml; path = Info.plist; sourceTree = "<group>"; };
		08D99CD4258C8EDC00F69B0E /* Model.swift */ = {isa = PBXFileReference; lastKnownFileType = sourcecode.swift; path = Model.swift; sourceTree = "<group>"; };
		08D99CDA258C95F400F69B0E /* ImageTitleTableViewCell.swift */ = {isa = PBXFileReference; lastKnownFileType = sourcecode.swift; path = ImageTitleTableViewCell.swift; sourceTree = "<group>"; };
		08D99CE2258C960E00F69B0E /* TitleStepperTableViewCell.swift */ = {isa = PBXFileReference; lastKnownFileType = sourcecode.swift; path = TitleStepperTableViewCell.swift; sourceTree = "<group>"; };
		08D99CE7258C962D00F69B0E /* TitleSwitchTableViewCell.swift */ = {isa = PBXFileReference; lastKnownFileType = sourcecode.swift; path = TitleSwitchTableViewCell.swift; sourceTree = "<group>"; };
		0C5469F3E17CFE749F85E405 /* Pods_SampleRxDatasourcesTests.framework */ = {isa = PBXFileReference; explicitFileType = wrapper.framework; includeInIndex = 0; path = Pods_SampleRxDatasourcesTests.framework; sourceTree = BUILT_PRODUCTS_DIR; };
		11DDE162B2916B080F4D6DEA /* Pods_SampleRxDatasources_SampleRxDatasourcesUITests.framework */ = {isa = PBXFileReference; explicitFileType = wrapper.framework; includeInIndex = 0; path = Pods_SampleRxDatasources_SampleRxDatasourcesUITests.framework; sourceTree = BUILT_PRODUCTS_DIR; };
		3298E534B08028D2A085CEC8 /* Pods_SampleRxDatasourcesTests.framework */ = {isa = PBXFileReference; explicitFileType = wrapper.framework; includeInIndex = 0; path = Pods_SampleRxDatasourcesTests.framework; sourceTree = BUILT_PRODUCTS_DIR; };
		38E76AACB3F83E30B807D33F /* Pods_SampleRxDatasources_SampleRxDatasourcesUITests.framework */ = {isa = PBXFileReference; explicitFileType = wrapper.framework; includeInIndex = 0; path = Pods_SampleRxDatasources_SampleRxDatasourcesUITests.framework; sourceTree = BUILT_PRODUCTS_DIR; };
		3A5776577CAD464ABDFBAB8F /* Pods-SampleRxDatasources-SampleRxDatasourcesUITests.release.xcconfig */ = {isa = PBXFileReference; includeInIndex = 1; lastKnownFileType = text.xcconfig; name = "Pods-SampleRxDatasources-SampleRxDatasourcesUITests.release.xcconfig"; path = "Target Support Files/Pods-SampleRxDatasources-SampleRxDatasourcesUITests/Pods-SampleRxDatasources-SampleRxDatasourcesUITests.release.xcconfig"; sourceTree = "<group>"; };
		4183E3F9C755EC0353316053 /* Pods_SampleRxDatasources.framework */ = {isa = PBXFileReference; explicitFileType = wrapper.framework; includeInIndex = 0; path = Pods_SampleRxDatasources.framework; sourceTree = BUILT_PRODUCTS_DIR; };
		68A4DAC32FDBB666C1475DB6 /* Pods-SampleRxDatasourcesTests.release.xcconfig */ = {isa = PBXFileReference; includeInIndex = 1; lastKnownFileType = text.xcconfig; name = "Pods-SampleRxDatasourcesTests.release.xcconfig"; path = "Target Support Files/Pods-SampleRxDatasourcesTests/Pods-SampleRxDatasourcesTests.release.xcconfig"; sourceTree = "<group>"; };
		72E8AFC7D8E075335AEB2221 /* Pods-SampleRxDatasourcesTests.debug.xcconfig */ = {isa = PBXFileReference; includeInIndex = 1; lastKnownFileType = text.xcconfig; name = "Pods-SampleRxDatasourcesTests.debug.xcconfig"; path = "Target Support Files/Pods-SampleRxDatasourcesTests/Pods-SampleRxDatasourcesTests.debug.xcconfig"; sourceTree = "<group>"; };
		8EDB19AA95300EB9D4381BD9 /* Pods-SampleRxDatasources.debug.xcconfig */ = {isa = PBXFileReference; includeInIndex = 1; lastKnownFileType = text.xcconfig; name = "Pods-SampleRxDatasources.debug.xcconfig"; path = "Target Support Files/Pods-SampleRxDatasources/Pods-SampleRxDatasources.debug.xcconfig"; sourceTree = "<group>"; };
		B63792F4C2D313F741236B09 /* Pods-SampleRxDatasources.release.xcconfig */ = {isa = PBXFileReference; includeInIndex = 1; lastKnownFileType = text.xcconfig; name = "Pods-SampleRxDatasources.release.xcconfig"; path = "Target Support Files/Pods-SampleRxDatasources/Pods-SampleRxDatasources.release.xcconfig"; sourceTree = "<group>"; };
		BBA80CCAA038C817E5E7B32C /* Pods-SampleRxDatasources-SampleRxDatasourcesUITests.debug.xcconfig */ = {isa = PBXFileReference; includeInIndex = 1; lastKnownFileType = text.xcconfig; name = "Pods-SampleRxDatasources-SampleRxDatasourcesUITests.debug.xcconfig"; path = "Target Support Files/Pods-SampleRxDatasources-SampleRxDatasourcesUITests/Pods-SampleRxDatasources-SampleRxDatasourcesUITests.debug.xcconfig"; sourceTree = "<group>"; };
/* End PBXFileReference section */

/* Begin PBXFrameworksBuildPhase section */
		08D99C87258C8BC400F69B0E /* Frameworks */ = {
			isa = PBXFrameworksBuildPhase;
			buildActionMask = 2147483647;
			files = (
				D8C564601E4730DCE8EDD1EB /* Pods_SampleRxDatasources.framework in Frameworks */,
				1C4C889D9FE12EABA5042AB0 /* Pods_SampleRxDatasources.framework in Frameworks */,
			);
			runOnlyForDeploymentPostprocessing = 0;
		};
		08D99C9D258C8BC400F69B0E /* Frameworks */ = {
			isa = PBXFrameworksBuildPhase;
			buildActionMask = 2147483647;
			files = (
				BAED255C689EB998C4FDB774 /* Pods_SampleRxDatasourcesTests.framework in Frameworks */,
				E2C4B4DC54CD9F161256FBF6 /* Pods_SampleRxDatasourcesTests.framework in Frameworks */,
			);
			runOnlyForDeploymentPostprocessing = 0;
		};
		08D99CA8258C8BC500F69B0E /* Frameworks */ = {
			isa = PBXFrameworksBuildPhase;
			buildActionMask = 2147483647;
			files = (
				0C16BBF22767949DCA104A85 /* Pods_SampleRxDatasources_SampleRxDatasourcesUITests.framework in Frameworks */,
				ACB9CE0CC8A49624396BE4CA /* Pods_SampleRxDatasources_SampleRxDatasourcesUITests.framework in Frameworks */,
			);
			runOnlyForDeploymentPostprocessing = 0;
		};
/* End PBXFrameworksBuildPhase section */

/* Begin PBXGroup section */
		0895FE0C2591F2ED00FB79E3 /* View */ = {
			isa = PBXGroup;
			children = (
				08D99C91258C8BC400F69B0E /* ViewController.swift */,
				08D99CD9258C95D000F69B0E /* cell */,
			);
			path = View;
			sourceTree = "<group>";
		};
		08D99C81258C8BC400F69B0E = {
			isa = PBXGroup;
			children = (
				08D99C8C258C8BC400F69B0E /* SampleRxDatasources */,
				08D99CA3258C8BC400F69B0E /* SampleRxDatasourcesTests */,
				08D99CAE258C8BC500F69B0E /* SampleRxDatasourcesUITests */,
				08D99C8B258C8BC400F69B0E /* Products */,
				7338E42E27B01E016E0D6312 /* Pods */,
				15AECFB088F1FE96C8330AB5 /* Frameworks */,
			);
			sourceTree = "<group>";
		};
		08D99C8B258C8BC400F69B0E /* Products */ = {
			isa = PBXGroup;
			children = (
				08D99C8A258C8BC400F69B0E /* SampleRxDatasources.app */,
				08D99CA0258C8BC400F69B0E /* SampleRxDatasourcesTests.xctest */,
				08D99CAB258C8BC500F69B0E /* SampleRxDatasourcesUITests.xctest */,
			);
			name = Products;
			sourceTree = "<group>";
		};
		08D99C8C258C8BC400F69B0E /* SampleRxDatasources */ = {
			isa = PBXGroup;
			children = (
				08D99C8D258C8BC400F69B0E /* AppDelegate.swift */,
				08D99C8F258C8BC400F69B0E /* SceneDelegate.swift */,
				0895FE0C2591F2ED00FB79E3 /* View */,
				0895FE072591E8EC00FB79E3 /* ViewModel.swift */,
				08D99CD4258C8EDC00F69B0E /* Model.swift */,
				08D99C96258C8BC400F69B0E /* Assets.xcassets */,
				08D99C98258C8BC400F69B0E /* LaunchScreen.storyboard */,
				08D99C9B258C8BC400F69B0E /* Info.plist */,
			);
			path = SampleRxDatasources;
			sourceTree = "<group>";
		};
		08D99CA3258C8BC400F69B0E /* SampleRxDatasourcesTests */ = {
			isa = PBXGroup;
			children = (
				08D99CA4258C8BC400F69B0E /* SampleRxDatasourcesTests.swift */,
				08D99CA6258C8BC400F69B0E /* Info.plist */,
			);
			path = SampleRxDatasourcesTests;
			sourceTree = "<group>";
		};
		08D99CAE258C8BC500F69B0E /* SampleRxDatasourcesUITests */ = {
			isa = PBXGroup;
			children = (
				08D99CAF258C8BC500F69B0E /* SampleRxDatasourcesUITests.swift */,
				08D99CB1258C8BC500F69B0E /* Info.plist */,
			);
			path = SampleRxDatasourcesUITests;
			sourceTree = "<group>";
		};
		08D99CD9258C95D000F69B0E /* cell */ = {
			isa = PBXGroup;
			children = (
				08D99CDA258C95F400F69B0E /* ImageTitleTableViewCell.swift */,
				08D99CE2258C960E00F69B0E /* TitleStepperTableViewCell.swift */,
				08D99CE7258C962D00F69B0E /* TitleSwitchTableViewCell.swift */,
			);
			path = cell;
			sourceTree = "<group>";
		};
		15AECFB088F1FE96C8330AB5 /* Frameworks */ = {
			isa = PBXGroup;
			children = (
				4183E3F9C755EC0353316053 /* Pods_SampleRxDatasources.framework */,
				38E76AACB3F83E30B807D33F /* Pods_SampleRxDatasources_SampleRxDatasourcesUITests.framework */,
				3298E534B08028D2A085CEC8 /* Pods_SampleRxDatasourcesTests.framework */,
			);
			name = Frameworks;
			sourceTree = "<group>";
		};
		5C826696289B3B2078F50B42 /* Frameworks */ = {
			isa = PBXGroup;
			children = (
				02AE3EAD95027A3864B0F934 /* Pods_SampleRxDatasources.framework */,
				11DDE162B2916B080F4D6DEA /* Pods_SampleRxDatasources_SampleRxDatasourcesUITests.framework */,
				0C5469F3E17CFE749F85E405 /* Pods_SampleRxDatasourcesTests.framework */,
			);
			name = Frameworks;
			path = ..;
			sourceTree = "<group>";
		};
		7338E42E27B01E016E0D6312 /* Pods */ = {
			isa = PBXGroup;
			children = (
				5C826696289B3B2078F50B42 /* Frameworks */,
				8EDB19AA95300EB9D4381BD9 /* Pods-SampleRxDatasources.debug.xcconfig */,
				B63792F4C2D313F741236B09 /* Pods-SampleRxDatasources.release.xcconfig */,
				BBA80CCAA038C817E5E7B32C /* Pods-SampleRxDatasources-SampleRxDatasourcesUITests.debug.xcconfig */,
				3A5776577CAD464ABDFBAB8F /* Pods-SampleRxDatasources-SampleRxDatasourcesUITests.release.xcconfig */,
				72E8AFC7D8E075335AEB2221 /* Pods-SampleRxDatasourcesTests.debug.xcconfig */,
				68A4DAC32FDBB666C1475DB6 /* Pods-SampleRxDatasourcesTests.release.xcconfig */,
			);
			path = Pods;
			sourceTree = "<group>";
		};
/* End PBXGroup section */

/* Begin PBXNativeTarget section */
		08D99C89258C8BC400F69B0E /* SampleRxDatasources */ = {
			isa = PBXNativeTarget;
			buildConfigurationList = 08D99CB4258C8BC500F69B0E /* Build configuration list for PBXNativeTarget "SampleRxDatasources" */;
			buildPhases = (
				DA055BA23CF81919210CE25B /* [CP] Check Pods Manifest.lock */,
				08D99C86258C8BC400F69B0E /* Sources */,
				08D99C87258C8BC400F69B0E /* Frameworks */,
				08D99C88258C8BC400F69B0E /* Resources */,
				1BE5F0E82B00C28FB5CF6106 /* [CP] Embed Pods Frameworks */,
			);
			buildRules = (
			);
			dependencies = (
			);
			name = SampleRxDatasources;
			productName = SampleRxDatasources;
			productReference = 08D99C8A258C8BC400F69B0E /* SampleRxDatasources.app */;
			productType = "com.apple.product-type.application";
		};
		08D99C9F258C8BC400F69B0E /* SampleRxDatasourcesTests */ = {
			isa = PBXNativeTarget;
			buildConfigurationList = 08D99CB7258C8BC500F69B0E /* Build configuration list for PBXNativeTarget "SampleRxDatasourcesTests" */;
			buildPhases = (
				04A07E47A0B7982B5DBFB5E1 /* [CP] Check Pods Manifest.lock */,
				08D99C9C258C8BC400F69B0E /* Sources */,
				08D99C9D258C8BC400F69B0E /* Frameworks */,
				08D99C9E258C8BC400F69B0E /* Resources */,
			);
			buildRules = (
			);
			dependencies = (
				08D99CA2258C8BC400F69B0E /* PBXTargetDependency */,
			);
			name = SampleRxDatasourcesTests;
			productName = SampleRxDatasourcesTests;
			productReference = 08D99CA0258C8BC400F69B0E /* SampleRxDatasourcesTests.xctest */;
			productType = "com.apple.product-type.bundle.unit-test";
		};
		08D99CAA258C8BC500F69B0E /* SampleRxDatasourcesUITests */ = {
			isa = PBXNativeTarget;
			buildConfigurationList = 08D99CBA258C8BC500F69B0E /* Build configuration list for PBXNativeTarget "SampleRxDatasourcesUITests" */;
			buildPhases = (
				692316BA8F0C2F78787AE77D /* [CP] Check Pods Manifest.lock */,
				08D99CA7258C8BC500F69B0E /* Sources */,
				08D99CA8258C8BC500F69B0E /* Frameworks */,
				08D99CA9258C8BC500F69B0E /* Resources */,
				B671F38CDE7E06CDE4C86A3C /* [CP] Embed Pods Frameworks */,
			);
			buildRules = (
			);
			dependencies = (
				08D99CAD258C8BC500F69B0E /* PBXTargetDependency */,
			);
			name = SampleRxDatasourcesUITests;
			productName = SampleRxDatasourcesUITests;
			productReference = 08D99CAB258C8BC500F69B0E /* SampleRxDatasourcesUITests.xctest */;
			productType = "com.apple.product-type.bundle.ui-testing";
		};
/* End PBXNativeTarget section */

/* Begin PBXProject section */
		08D99C82258C8BC400F69B0E /* Project object */ = {
			isa = PBXProject;
			attributes = {
				LastSwiftUpdateCheck = 1230;
				LastUpgradeCheck = 1230;
				TargetAttributes = {
					08D99C89258C8BC400F69B0E = {
						CreatedOnToolsVersion = 12.3;
					};
					08D99C9F258C8BC400F69B0E = {
						CreatedOnToolsVersion = 12.3;
						TestTargetID = 08D99C89258C8BC400F69B0E;
					};
					08D99CAA258C8BC500F69B0E = {
						CreatedOnToolsVersion = 12.3;
						TestTargetID = 08D99C89258C8BC400F69B0E;
					};
				};
			};
			buildConfigurationList = 08D99C85258C8BC400F69B0E /* Build configuration list for PBXProject "SampleRxDatasources" */;
			compatibilityVersion = "Xcode 9.3";
			developmentRegion = en;
			hasScannedForEncodings = 0;
			knownRegions = (
				en,
				Base,
			);
			mainGroup = 08D99C81258C8BC400F69B0E;
			productRefGroup = 08D99C8B258C8BC400F69B0E /* Products */;
			projectDirPath = "";
			projectRoot = "";
			targets = (
				08D99C89258C8BC400F69B0E /* SampleRxDatasources */,
				08D99C9F258C8BC400F69B0E /* SampleRxDatasourcesTests */,
				08D99CAA258C8BC500F69B0E /* SampleRxDatasourcesUITests */,
			);
		};
/* End PBXProject section */

/* Begin PBXResourcesBuildPhase section */
		08D99C88258C8BC400F69B0E /* Resources */ = {
			isa = PBXResourcesBuildPhase;
			buildActionMask = 2147483647;
			files = (
				08D99C9A258C8BC400F69B0E /* LaunchScreen.storyboard in Resources */,
				08D99C97258C8BC400F69B0E /* Assets.xcassets in Resources */,
			);
			runOnlyForDeploymentPostprocessing = 0;
		};
		08D99C9E258C8BC400F69B0E /* Resources */ = {
			isa = PBXResourcesBuildPhase;
			buildActionMask = 2147483647;
			files = (
			);
			runOnlyForDeploymentPostprocessing = 0;
		};
		08D99CA9258C8BC500F69B0E /* Resources */ = {
			isa = PBXResourcesBuildPhase;
			buildActionMask = 2147483647;
			files = (
			);
			runOnlyForDeploymentPostprocessing = 0;
		};
/* End PBXResourcesBuildPhase section */

/* Begin PBXShellScriptBuildPhase section */
		04A07E47A0B7982B5DBFB5E1 /* [CP] Check Pods Manifest.lock */ = {
			isa = PBXShellScriptBuildPhase;
			buildActionMask = 2147483647;
			files = (
			);
			inputFileListPaths = (
			);
			inputPaths = (
				"${PODS_PODFILE_DIR_PATH}/Podfile.lock",
				"${PODS_ROOT}/Manifest.lock",
			);
			name = "[CP] Check Pods Manifest.lock";
			outputFileListPaths = (
			);
			outputPaths = (
				"$(DERIVED_FILE_DIR)/Pods-SampleRxDatasourcesTests-checkManifestLockResult.txt",
			);
			runOnlyForDeploymentPostprocessing = 0;
			shellPath = /bin/sh;
			shellScript = "diff \"${PODS_PODFILE_DIR_PATH}/Podfile.lock\" \"${PODS_ROOT}/Manifest.lock\" > /dev/null\nif [ $? != 0 ] ; then\n    # print error to STDERR\n    echo \"error: The sandbox is not in sync with the Podfile.lock. Run 'pod install' or update your CocoaPods installation.\" >&2\n    exit 1\nfi\n# This output is used by Xcode 'outputs' to avoid re-running this script phase.\necho \"SUCCESS\" > \"${SCRIPT_OUTPUT_FILE_0}\"\n";
			showEnvVarsInLog = 0;
		};
		1BE5F0E82B00C28FB5CF6106 /* [CP] Embed Pods Frameworks */ = {
			isa = PBXShellScriptBuildPhase;
			buildActionMask = 2147483647;
			files = (
			);
			inputFileListPaths = (
				"${PODS_ROOT}/Target Support Files/Pods-SampleRxDatasources/Pods-SampleRxDatasources-frameworks-${CONFIGURATION}-input-files.xcfilelist",
			);
			name = "[CP] Embed Pods Frameworks";
			outputFileListPaths = (
				"${PODS_ROOT}/Target Support Files/Pods-SampleRxDatasources/Pods-SampleRxDatasources-frameworks-${CONFIGURATION}-output-files.xcfilelist",
			);
			runOnlyForDeploymentPostprocessing = 0;
			shellPath = /bin/sh;
			shellScript = "\"${PODS_ROOT}/Target Support Files/Pods-SampleRxDatasources/Pods-SampleRxDatasources-frameworks.sh\"\n";
			showEnvVarsInLog = 0;
		};
		692316BA8F0C2F78787AE77D /* [CP] Check Pods Manifest.lock */ = {
			isa = PBXShellScriptBuildPhase;
			buildActionMask = 2147483647;
			files = (
			);
			inputFileListPaths = (
			);
			inputPaths = (
				"${PODS_PODFILE_DIR_PATH}/Podfile.lock",
				"${PODS_ROOT}/Manifest.lock",
			);
			name = "[CP] Check Pods Manifest.lock";
			outputFileListPaths = (
			);
			outputPaths = (
				"$(DERIVED_FILE_DIR)/Pods-SampleRxDatasources-SampleRxDatasourcesUITests-checkManifestLockResult.txt",
			);
			runOnlyForDeploymentPostprocessing = 0;
			shellPath = /bin/sh;
			shellScript = "diff \"${PODS_PODFILE_DIR_PATH}/Podfile.lock\" \"${PODS_ROOT}/Manifest.lock\" > /dev/null\nif [ $? != 0 ] ; then\n    # print error to STDERR\n    echo \"error: The sandbox is not in sync with the Podfile.lock. Run 'pod install' or update your CocoaPods installation.\" >&2\n    exit 1\nfi\n# This output is used by Xcode 'outputs' to avoid re-running this script phase.\necho \"SUCCESS\" > \"${SCRIPT_OUTPUT_FILE_0}\"\n";
			showEnvVarsInLog = 0;
		};
		B671F38CDE7E06CDE4C86A3C /* [CP] Embed Pods Frameworks */ = {
			isa = PBXShellScriptBuildPhase;
			buildActionMask = 2147483647;
			files = (
			);
			inputFileListPaths = (
				"${PODS_ROOT}/Target Support Files/Pods-SampleRxDatasources-SampleRxDatasourcesUITests/Pods-SampleRxDatasources-SampleRxDatasourcesUITests-frameworks-${CONFIGURATION}-input-files.xcfilelist",
			);
			name = "[CP] Embed Pods Frameworks";
			outputFileListPaths = (
				"${PODS_ROOT}/Target Support Files/Pods-SampleRxDatasources-SampleRxDatasourcesUITests/Pods-SampleRxDatasources-SampleRxDatasourcesUITests-frameworks-${CONFIGURATION}-output-files.xcfilelist",
			);
			runOnlyForDeploymentPostprocessing = 0;
			shellPath = /bin/sh;
			shellScript = "\"${PODS_ROOT}/Target Support Files/Pods-SampleRxDatasources-SampleRxDatasourcesUITests/Pods-SampleRxDatasources-SampleRxDatasourcesUITests-frameworks.sh\"\n";
			showEnvVarsInLog = 0;
		};
		DA055BA23CF81919210CE25B /* [CP] Check Pods Manifest.lock */ = {
			isa = PBXShellScriptBuildPhase;
			buildActionMask = 2147483647;
			files = (
			);
			inputFileListPaths = (
			);
			inputPaths = (
				"${PODS_PODFILE_DIR_PATH}/Podfile.lock",
				"${PODS_ROOT}/Manifest.lock",
			);
			name = "[CP] Check Pods Manifest.lock";
			outputFileListPaths = (
			);
			outputPaths = (
				"$(DERIVED_FILE_DIR)/Pods-SampleRxDatasources-checkManifestLockResult.txt",
			);
			runOnlyForDeploymentPostprocessing = 0;
			shellPath = /bin/sh;
			shellScript = "diff \"${PODS_PODFILE_DIR_PATH}/Podfile.lock\" \"${PODS_ROOT}/Manifest.lock\" > /dev/null\nif [ $? != 0 ] ; then\n    # print error to STDERR\n    echo \"error: The sandbox is not in sync with the Podfile.lock. Run 'pod install' or update your CocoaPods installation.\" >&2\n    exit 1\nfi\n# This output is used by Xcode 'outputs' to avoid re-running this script phase.\necho \"SUCCESS\" > \"${SCRIPT_OUTPUT_FILE_0}\"\n";
			showEnvVarsInLog = 0;
		};
/* End PBXShellScriptBuildPhase section */

/* Begin PBXSourcesBuildPhase section */
		08D99C86258C8BC400F69B0E /* Sources */ = {
			isa = PBXSourcesBuildPhase;
			buildActionMask = 2147483647;
			files = (
				08D99CE8258C962D00F69B0E /* TitleSwitchTableViewCell.swift in Sources */,
				08D99C92258C8BC400F69B0E /* ViewController.swift in Sources */,
				08D99C8E258C8BC400F69B0E /* AppDelegate.swift in Sources */,
				08D99CE3258C960E00F69B0E /* TitleStepperTableViewCell.swift in Sources */,
				08D99CDB258C95F400F69B0E /* ImageTitleTableViewCell.swift in Sources */,
				08D99C90258C8BC400F69B0E /* SceneDelegate.swift in Sources */,
				0895FE082591E8EC00FB79E3 /* ViewModel.swift in Sources */,
				08D99CD5258C8EDC00F69B0E /* Model.swift in Sources */,
			);
			runOnlyForDeploymentPostprocessing = 0;
		};
		08D99C9C258C8BC400F69B0E /* Sources */ = {
			isa = PBXSourcesBuildPhase;
			buildActionMask = 2147483647;
			files = (
				08D99CA5258C8BC400F69B0E /* SampleRxDatasourcesTests.swift in Sources */,
			);
			runOnlyForDeploymentPostprocessing = 0;
		};
		08D99CA7258C8BC500F69B0E /* Sources */ = {
			isa = PBXSourcesBuildPhase;
			buildActionMask = 2147483647;
			files = (
				08D99CB0258C8BC500F69B0E /* SampleRxDatasourcesUITests.swift in Sources */,
			);
			runOnlyForDeploymentPostprocessing = 0;
		};
/* End PBXSourcesBuildPhase section */

/* Begin PBXTargetDependency section */
		08D99CA2258C8BC400F69B0E /* PBXTargetDependency */ = {
			isa = PBXTargetDependency;
			target = 08D99C89258C8BC400F69B0E /* SampleRxDatasources */;
			targetProxy = 08D99CA1258C8BC400F69B0E /* PBXContainerItemProxy */;
		};
		08D99CAD258C8BC500F69B0E /* PBXTargetDependency */ = {
			isa = PBXTargetDependency;
			target = 08D99C89258C8BC400F69B0E /* SampleRxDatasources */;
			targetProxy = 08D99CAC258C8BC500F69B0E /* PBXContainerItemProxy */;
		};
/* End PBXTargetDependency section */

/* Begin PBXVariantGroup section */
		08D99C98258C8BC400F69B0E /* LaunchScreen.storyboard */ = {
			isa = PBXVariantGroup;
			children = (
				08D99C99258C8BC400F69B0E /* Base */,
			);
			name = LaunchScreen.storyboard;
			sourceTree = "<group>";
		};
/* End PBXVariantGroup section */

/* Begin XCBuildConfiguration section */
		08D99CB2258C8BC500F69B0E /* Debug */ = {
			isa = XCBuildConfiguration;
			buildSettings = {
				ALWAYS_SEARCH_USER_PATHS = NO;
				CLANG_ANALYZER_NONNULL = YES;
				CLANG_ANALYZER_NUMBER_OBJECT_CONVERSION = YES_AGGRESSIVE;
				CLANG_CXX_LANGUAGE_STANDARD = "gnu++14";
				CLANG_CXX_LIBRARY = "libc++";
				CLANG_ENABLE_MODULES = YES;
				CLANG_ENABLE_OBJC_ARC = YES;
				CLANG_ENABLE_OBJC_WEAK = YES;
				CLANG_WARN_BLOCK_CAPTURE_AUTORELEASING = YES;
				CLANG_WARN_BOOL_CONVERSION = YES;
				CLANG_WARN_COMMA = YES;
				CLANG_WARN_CONSTANT_CONVERSION = YES;
				CLANG_WARN_DEPRECATED_OBJC_IMPLEMENTATIONS = YES;
				CLANG_WARN_DIRECT_OBJC_ISA_USAGE = YES_ERROR;
				CLANG_WARN_DOCUMENTATION_COMMENTS = YES;
				CLANG_WARN_EMPTY_BODY = YES;
				CLANG_WARN_ENUM_CONVERSION = YES;
				CLANG_WARN_INFINITE_RECURSION = YES;
				CLANG_WARN_INT_CONVERSION = YES;
				CLANG_WARN_NON_LITERAL_NULL_CONVERSION = YES;
				CLANG_WARN_OBJC_IMPLICIT_RETAIN_SELF = YES;
				CLANG_WARN_OBJC_LITERAL_CONVERSION = YES;
				CLANG_WARN_OBJC_ROOT_CLASS = YES_ERROR;
				CLANG_WARN_QUOTED_INCLUDE_IN_FRAMEWORK_HEADER = YES;
				CLANG_WARN_RANGE_LOOP_ANALYSIS = YES;
				CLANG_WARN_STRICT_PROTOTYPES = YES;
				CLANG_WARN_SUSPICIOUS_MOVE = YES;
				CLANG_WARN_UNGUARDED_AVAILABILITY = YES_AGGRESSIVE;
				CLANG_WARN_UNREACHABLE_CODE = YES;
				CLANG_WARN__DUPLICATE_METHOD_MATCH = YES;
				COPY_PHASE_STRIP = NO;
				DEBUG_INFORMATION_FORMAT = dwarf;
				ENABLE_STRICT_OBJC_MSGSEND = YES;
				ENABLE_TESTABILITY = YES;
				GCC_C_LANGUAGE_STANDARD = gnu11;
				GCC_DYNAMIC_NO_PIC = NO;
				GCC_NO_COMMON_BLOCKS = YES;
				GCC_OPTIMIZATION_LEVEL = 0;
				GCC_PREPROCESSOR_DEFINITIONS = (
					"DEBUG=1",
					"$(inherited)",
				);
				GCC_WARN_64_TO_32_BIT_CONVERSION = YES;
				GCC_WARN_ABOUT_RETURN_TYPE = YES_ERROR;
				GCC_WARN_UNDECLARED_SELECTOR = YES;
				GCC_WARN_UNINITIALIZED_AUTOS = YES_AGGRESSIVE;
				GCC_WARN_UNUSED_FUNCTION = YES;
				GCC_WARN_UNUSED_VARIABLE = YES;
				IPHONEOS_DEPLOYMENT_TARGET = 14.3;
				MTL_ENABLE_DEBUG_INFO = INCLUDE_SOURCE;
				MTL_FAST_MATH = YES;
				ONLY_ACTIVE_ARCH = YES;
				SDKROOT = iphoneos;
				SWIFT_ACTIVE_COMPILATION_CONDITIONS = DEBUG;
				SWIFT_OPTIMIZATION_LEVEL = "-Onone";
			};
			name = Debug;
		};
		08D99CB3258C8BC500F69B0E /* Release */ = {
			isa = XCBuildConfiguration;
			buildSettings = {
				ALWAYS_SEARCH_USER_PATHS = NO;
				CLANG_ANALYZER_NONNULL = YES;
				CLANG_ANALYZER_NUMBER_OBJECT_CONVERSION = YES_AGGRESSIVE;
				CLANG_CXX_LANGUAGE_STANDARD = "gnu++14";
				CLANG_CXX_LIBRARY = "libc++";
				CLANG_ENABLE_MODULES = YES;
				CLANG_ENABLE_OBJC_ARC = YES;
				CLANG_ENABLE_OBJC_WEAK = YES;
				CLANG_WARN_BLOCK_CAPTURE_AUTORELEASING = YES;
				CLANG_WARN_BOOL_CONVERSION = YES;
				CLANG_WARN_COMMA = YES;
				CLANG_WARN_CONSTANT_CONVERSION = YES;
				CLANG_WARN_DEPRECATED_OBJC_IMPLEMENTATIONS = YES;
				CLANG_WARN_DIRECT_OBJC_ISA_USAGE = YES_ERROR;
				CLANG_WARN_DOCUMENTATION_COMMENTS = YES;
				CLANG_WARN_EMPTY_BODY = YES;
				CLANG_WARN_ENUM_CONVERSION = YES;
				CLANG_WARN_INFINITE_RECURSION = YES;
				CLANG_WARN_INT_CONVERSION = YES;
				CLANG_WARN_NON_LITERAL_NULL_CONVERSION = YES;
				CLANG_WARN_OBJC_IMPLICIT_RETAIN_SELF = YES;
				CLANG_WARN_OBJC_LITERAL_CONVERSION = YES;
				CLANG_WARN_OBJC_ROOT_CLASS = YES_ERROR;
				CLANG_WARN_QUOTED_INCLUDE_IN_FRAMEWORK_HEADER = YES;
				CLANG_WARN_RANGE_LOOP_ANALYSIS = YES;
				CLANG_WARN_STRICT_PROTOTYPES = YES;
				CLANG_WARN_SUSPICIOUS_MOVE = YES;
				CLANG_WARN_UNGUARDED_AVAILABILITY = YES_AGGRESSIVE;
				CLANG_WARN_UNREACHABLE_CODE = YES;
				CLANG_WARN__DUPLICATE_METHOD_MATCH = YES;
				COPY_PHASE_STRIP = NO;
				DEBUG_INFORMATION_FORMAT = "dwarf-with-dsym";
				ENABLE_NS_ASSERTIONS = NO;
				ENABLE_STRICT_OBJC_MSGSEND = YES;
				GCC_C_LANGUAGE_STANDARD = gnu11;
				GCC_NO_COMMON_BLOCKS = YES;
				GCC_WARN_64_TO_32_BIT_CONVERSION = YES;
				GCC_WARN_ABOUT_RETURN_TYPE = YES_ERROR;
				GCC_WARN_UNDECLARED_SELECTOR = YES;
				GCC_WARN_UNINITIALIZED_AUTOS = YES_AGGRESSIVE;
				GCC_WARN_UNUSED_FUNCTION = YES;
				GCC_WARN_UNUSED_VARIABLE = YES;
				IPHONEOS_DEPLOYMENT_TARGET = 14.3;
				MTL_ENABLE_DEBUG_INFO = NO;
				MTL_FAST_MATH = YES;
				SDKROOT = iphoneos;
				SWIFT_COMPILATION_MODE = wholemodule;
				SWIFT_OPTIMIZATION_LEVEL = "-O";
				VALIDATE_PRODUCT = YES;
			};
			name = Release;
		};
		08D99CB5258C8BC500F69B0E /* Debug */ = {
			isa = XCBuildConfiguration;
			baseConfigurationReference = 8EDB19AA95300EB9D4381BD9 /* Pods-SampleRxDatasources.debug.xcconfig */;
			buildSettings = {
				ASSETCATALOG_COMPILER_APPICON_NAME = AppIcon;
				ASSETCATALOG_COMPILER_GLOBAL_ACCENT_COLOR_NAME = AccentColor;
				CODE_SIGN_STYLE = Automatic;
				DEVELOPMENT_TEAM = 3HLN6Z6G9H;
				INFOPLIST_FILE = SampleRxDatasources/Info.plist;
				LD_RUNPATH_SEARCH_PATHS = (
					"$(inherited)",
					"@executable_path/Frameworks",
				);
				PRODUCT_BUNDLE_IDENTIFIER = Git.SampleRxDatasources;
				PRODUCT_NAME = "$(TARGET_NAME)";
				SWIFT_VERSION = 5.0;
				TARGETED_DEVICE_FAMILY = "1,2";
			};
			name = Debug;
		};
		08D99CB6258C8BC500F69B0E /* Release */ = {
			isa = XCBuildConfiguration;
			baseConfigurationReference = B63792F4C2D313F741236B09 /* Pods-SampleRxDatasources.release.xcconfig */;
			buildSettings = {
				ASSETCATALOG_COMPILER_APPICON_NAME = AppIcon;
				ASSETCATALOG_COMPILER_GLOBAL_ACCENT_COLOR_NAME = AccentColor;
				CODE_SIGN_STYLE = Automatic;
				DEVELOPMENT_TEAM = 3HLN6Z6G9H;
				INFOPLIST_FILE = SampleRxDatasources/Info.plist;
				LD_RUNPATH_SEARCH_PATHS = (
					"$(inherited)",
					"@executable_path/Frameworks",
				);
				PRODUCT_BUNDLE_IDENTIFIER = Git.SampleRxDatasources;
				PRODUCT_NAME = "$(TARGET_NAME)";
				SWIFT_VERSION = 5.0;
				TARGETED_DEVICE_FAMILY = "1,2";
			};
			name = Release;
		};
		08D99CB8258C8BC500F69B0E /* Debug */ = {
			isa = XCBuildConfiguration;
			baseConfigurationReference = 72E8AFC7D8E075335AEB2221 /* Pods-SampleRxDatasourcesTests.debug.xcconfig */;
			buildSettings = {
				ALWAYS_EMBED_SWIFT_STANDARD_LIBRARIES = YES;
				BUNDLE_LOADER = "$(TEST_HOST)";
				CODE_SIGN_STYLE = Automatic;
				DEVELOPMENT_TEAM = 3HLN6Z6G9H;
				INFOPLIST_FILE = SampleRxDatasourcesTests/Info.plist;
				IPHONEOS_DEPLOYMENT_TARGET = 14.3;
				LD_RUNPATH_SEARCH_PATHS = (
					"$(inherited)",
					"@executable_path/Frameworks",
					"@loader_path/Frameworks",
				);
				PRODUCT_BUNDLE_IDENTIFIER = Git.SampleRxDatasourcesTests;
				PRODUCT_NAME = "$(TARGET_NAME)";
				SWIFT_VERSION = 5.0;
				TARGETED_DEVICE_FAMILY = "1,2";
				TEST_HOST = "$(BUILT_PRODUCTS_DIR)/SampleRxDatasources.app/SampleRxDatasources";
			};
			name = Debug;
		};
		08D99CB9258C8BC500F69B0E /* Release */ = {
			isa = XCBuildConfiguration;
			baseConfigurationReference = 68A4DAC32FDBB666C1475DB6 /* Pods-SampleRxDatasourcesTests.release.xcconfig */;
			buildSettings = {
				ALWAYS_EMBED_SWIFT_STANDARD_LIBRARIES = YES;
				BUNDLE_LOADER = "$(TEST_HOST)";
				CODE_SIGN_STYLE = Automatic;
				DEVELOPMENT_TEAM = 3HLN6Z6G9H;
				INFOPLIST_FILE = SampleRxDatasourcesTests/Info.plist;
				IPHONEOS_DEPLOYMENT_TARGET = 14.3;
				LD_RUNPATH_SEARCH_PATHS = (
					"$(inherited)",
					"@executable_path/Frameworks",
					"@loader_path/Frameworks",
				);
				PRODUCT_BUNDLE_IDENTIFIER = Git.SampleRxDatasourcesTests;
				PRODUCT_NAME = "$(TARGET_NAME)";
				SWIFT_VERSION = 5.0;
				TARGETED_DEVICE_FAMILY = "1,2";
				TEST_HOST = "$(BUILT_PRODUCTS_DIR)/SampleRxDatasources.app/SampleRxDatasources";
			};
			name = Release;
		};
		08D99CBB258C8BC500F69B0E /* Debug */ = {
			isa = XCBuildConfiguration;
			baseConfigurationReference = BBA80CCAA038C817E5E7B32C /* Pods-SampleRxDatasources-SampleRxDatasourcesUITests.debug.xcconfig */;
			buildSettings = {
				ALWAYS_EMBED_SWIFT_STANDARD_LIBRARIES = YES;
				CODE_SIGN_STYLE = Automatic;
				DEVELOPMENT_TEAM = 3HLN6Z6G9H;
				INFOPLIST_FILE = SampleRxDatasourcesUITests/Info.plist;
				LD_RUNPATH_SEARCH_PATHS = (
					"$(inherited)",
					"@executable_path/Frameworks",
					"@loader_path/Frameworks",
				);
				PRODUCT_BUNDLE_IDENTIFIER = Git.SampleRxDatasourcesUITests;
				PRODUCT_NAME = "$(TARGET_NAME)";
				SWIFT_VERSION = 5.0;
				TARGETED_DEVICE_FAMILY = "1,2";
				TEST_TARGET_NAME = SampleRxDatasources;
			};
			name = Debug;
		};
		08D99CBC258C8BC500F69B0E /* Release */ = {
			isa = XCBuildConfiguration;
			baseConfigurationReference = 3A5776577CAD464ABDFBAB8F /* Pods-SampleRxDatasources-SampleRxDatasourcesUITests.release.xcconfig */;
			buildSettings = {
				ALWAYS_EMBED_SWIFT_STANDARD_LIBRARIES = YES;
				CODE_SIGN_STYLE = Automatic;
				DEVELOPMENT_TEAM = 3HLN6Z6G9H;
				INFOPLIST_FILE = SampleRxDatasourcesUITests/Info.plist;
				LD_RUNPATH_SEARCH_PATHS = (
					"$(inherited)",
					"@executable_path/Frameworks",
					"@loader_path/Frameworks",
				);
				PRODUCT_BUNDLE_IDENTIFIER = Git.SampleRxDatasourcesUITests;
				PRODUCT_NAME = "$(TARGET_NAME)";
				SWIFT_VERSION = 5.0;
				TARGETED_DEVICE_FAMILY = "1,2";
				TEST_TARGET_NAME = SampleRxDatasources;
			};
			name = Release;
		};
/* End XCBuildConfiguration section */

/* Begin XCConfigurationList section */
		08D99C85258C8BC400F69B0E /* Build configuration list for PBXProject "SampleRxDatasources" */ = {
			isa = XCConfigurationList;
			buildConfigurations = (
				08D99CB2258C8BC500F69B0E /* Debug */,
				08D99CB3258C8BC500F69B0E /* Release */,
			);
			defaultConfigurationIsVisible = 0;
			defaultConfigurationName = Release;
		};
		08D99CB4258C8BC500F69B0E /* Build configuration list for PBXNativeTarget "SampleRxDatasources" */ = {
			isa = XCConfigurationList;
			buildConfigurations = (
				08D99CB5258C8BC500F69B0E /* Debug */,
				08D99CB6258C8BC500F69B0E /* Release */,
			);
			defaultConfigurationIsVisible = 0;
			defaultConfigurationName = Release;
		};
		08D99CB7258C8BC500F69B0E /* Build configuration list for PBXNativeTarget "SampleRxDatasourcesTests" */ = {
			isa = XCConfigurationList;
			buildConfigurations = (
				08D99CB8258C8BC500F69B0E /* Debug */,
				08D99CB9258C8BC500F69B0E /* Release */,
			);
			defaultConfigurationIsVisible = 0;
			defaultConfigurationName = Release;
		};
		08D99CBA258C8BC500F69B0E /* Build configuration list for PBXNativeTarget "SampleRxDatasourcesUITests" */ = {
			isa = XCConfigurationList;
			buildConfigurations = (
				08D99CBB258C8BC500F69B0E /* Debug */,
				08D99CBC258C8BC500F69B0E /* Release */,
			);
			defaultConfigurationIsVisible = 0;
			defaultConfigurationName = Release;
		};
/* End XCConfigurationList section */
	};
	rootObject = 08D99C82258C8BC400F69B0E /* Project object */;
}
